
Microsoft Visual Studio Solution File, Format Version 12.00
# Visual Studio 15
VisualStudioVersion = 15.0.26228.9
MinimumVisualStudioVersion = 10.0.40219.1
Project("{FAE04EC0-301F-11D3-BF4B-00C04F79EFBC}") = "W04E06-Postfix", "W04E06-Postfix\W04E06-Postfix.csproj", "{D6470D6F-2C77-4F2B-AE4B-EED1DD7C8223}"
EndProject
Global
	GlobalSection(SolutionConfigurationPlatforms) = preSolution
		Debug|Any CPU = Debug|Any CPU
		Release|Any CPU = Release|Any CPU
	EndGlobalSection
	GlobalSection(ProjectConfigurationPlatforms) = postSolution
		{D6470D6F-2C77-4F2B-AE4B-EED1DD7C8223}.Debug|Any CPU.ActiveCfg = Debug|Any CPU
		{D6470D6F-2C77-4F2B-AE4B-EED1DD7C8223}.Debug|Any CPU.Build.0 = Debug|Any CPU
		{D6470D6F-2C77-4F2B-AE4B-EED1DD7C8223}.Release|Any CPU.ActiveCfg = Release|Any CPU
		{D6470D6F-2C77-4F2B-AE4B-EED1DD7C8223}.Release|Any CPU.Build.0 = Release|Any CPU
	EndGlobalSection
	GlobalSection(SolutionProperties) = preSolution
		HideSolutionNode = FALSE
	EndGlobalSection
EndGlobal
