
Microsoft Visual Studio Solution File, Format Version 12.00
# Visual Studio 15
VisualStudioVersion = 15.0.26228.9
MinimumVisualStudioVersion = 10.0.40219.1
Project("{FAE04EC0-301F-11D3-BF4B-00C04F79EFBC}") = "W06E01-BinarySearch", "W06E01-BinarySearch\W06E01-BinarySearch.csproj", "{6AFD93E8-B419-48EC-BE45-C1DB2D709EDF}"
EndProject
Global
	GlobalSection(SolutionConfigurationPlatforms) = preSolution
		Debug|Any CPU = Debug|Any CPU
		Release|Any CPU = Release|Any CPU
	EndGlobalSection
	GlobalSection(ProjectConfigurationPlatforms) = postSolution
		{6AFD93E8-B419-48EC-BE45-C1DB2D709EDF}.Debug|Any CPU.ActiveCfg = Debug|Any CPU
		{6AFD93E8-B419-48EC-BE45-C1DB2D709EDF}.Debug|Any CPU.Build.0 = Debug|Any CPU
		{6AFD93E8-B419-48EC-BE45-C1DB2D709EDF}.Release|Any CPU.ActiveCfg = Release|Any CPU
		{6AFD93E8-B419-48EC-BE45-C1DB2D709EDF}.Release|Any CPU.Build.0 = Release|Any CPU
	EndGlobalSection
	GlobalSection(SolutionProperties) = preSolution
		HideSolutionNode = FALSE
	EndGlobalSection
EndGlobal
