
Microsoft Visual Studio Solution File, Format Version 12.00
# Visual Studio 14
VisualStudioVersion = 14.0.25420.1
MinimumVisualStudioVersion = 10.0.40219.1
Project("{2150E333-8FDC-42A3-9474-1A3956D46DE8}") = "src", "src", "{877D0F4C-3145-4049-8D2C-658EBA0769C7}"
EndProject
Project("{2150E333-8FDC-42A3-9474-1A3956D46DE8}") = "Solution Items", "Solution Items", "{E958EEC1-FB1A-4CE8-83AE-7F643B591CAB}"
	ProjectSection(SolutionItems) = preProject
		global.json = global.json
	EndProjectSection
EndProject
Project("{8BB2217D-0F2D-49D1-97BC-3654ED321F3B}") = "W04E03-Brackets", "src\W04E03-Brackets\W04E03-Brackets.xproj", "{C4863D16-1532-40DD-95D4-6DFF00EA686E}"
EndProject
Global
	GlobalSection(SolutionConfigurationPlatforms) = preSolution
		Debug|Any CPU = Debug|Any CPU
		Release|Any CPU = Release|Any CPU
	EndGlobalSection
	GlobalSection(ProjectConfigurationPlatforms) = postSolution
		{C4863D16-1532-40DD-95D4-6DFF00EA686E}.Debug|Any CPU.ActiveCfg = Debug|Any CPU
		{C4863D16-1532-40DD-95D4-6DFF00EA686E}.Debug|Any CPU.Build.0 = Debug|Any CPU
		{C4863D16-1532-40DD-95D4-6DFF00EA686E}.Release|Any CPU.ActiveCfg = Release|Any CPU
		{C4863D16-1532-40DD-95D4-6DFF00EA686E}.Release|Any CPU.Build.0 = Release|Any CPU
	EndGlobalSection
	GlobalSection(SolutionProperties) = preSolution
		HideSolutionNode = FALSE
	EndGlobalSection
	GlobalSection(NestedProjects) = preSolution
		{C4863D16-1532-40DD-95D4-6DFF00EA686E} = {877D0F4C-3145-4049-8D2C-658EBA0769C7}
	EndGlobalSection
EndGlobal
