
Microsoft Visual Studio Solution File, Format Version 12.00
# Visual Studio 15
VisualStudioVersion = 15.0.26228.9
MinimumVisualStudioVersion = 10.0.40219.1
Project("{FAE04EC0-301F-11D3-BF4B-00C04F79EFBC}") = "W05E02-QueueWithPriorities", "W05E02-QueueWithPriorities\W05E02-QueueWithPriorities.csproj", "{F4F01C7E-0CA0-4CBC-8690-FF01FD9E5261}"
EndProject
Global
	GlobalSection(SolutionConfigurationPlatforms) = preSolution
		Debug|Any CPU = Debug|Any CPU
		Release|Any CPU = Release|Any CPU
	EndGlobalSection
	GlobalSection(ProjectConfigurationPlatforms) = postSolution
		{F4F01C7E-0CA0-4CBC-8690-FF01FD9E5261}.Debug|Any CPU.ActiveCfg = Debug|Any CPU
		{F4F01C7E-0CA0-4CBC-8690-FF01FD9E5261}.Debug|Any CPU.Build.0 = Debug|Any CPU
		{F4F01C7E-0CA0-4CBC-8690-FF01FD9E5261}.Release|Any CPU.ActiveCfg = Release|Any CPU
		{F4F01C7E-0CA0-4CBC-8690-FF01FD9E5261}.Release|Any CPU.Build.0 = Release|Any CPU
	EndGlobalSection
	GlobalSection(SolutionProperties) = preSolution
		HideSolutionNode = FALSE
	EndGlobalSection
EndGlobal
